
Microsoft Visual Studio Solution File, Format Version 12.00
# Visual Studio Version 17
VisualStudioVersion = 17.0.31903.59
MinimumVisualStudioVersion = 10.0.40219.1
Project("{F2A71F9B-5D33-465A-A702-920D77279786}") = "thoth.json.auto", "thoth.json.auto\thoth.json.auto.fsproj", "{159FB6DA-81B0-4689-B660-67C6B26E07F6}"
EndProject
Project("{F2A71F9B-5D33-465A-A702-920D77279786}") = "thoth.json.auto.tests", "thoth.json.auto.tests\thoth.json.auto.tests.fsproj", "{29F7C7B1-2CA3-47DD-B9A6-5361A80F1024}"
EndProject
Global
	GlobalSection(SolutionConfigurationPlatforms) = preSolution
		Debug|Any CPU = Debug|Any CPU
		Release|Any CPU = Release|Any CPU
	EndGlobalSection
	GlobalSection(SolutionProperties) = preSolution
		HideSolutionNode = FALSE
	EndGlobalSection
	GlobalSection(ProjectConfigurationPlatforms) = postSolution
		{159FB6DA-81B0-4689-B660-67C6B26E07F6}.Debug|Any CPU.ActiveCfg = Debug|Any CPU
		{159FB6DA-81B0-4689-B660-67C6B26E07F6}.Debug|Any CPU.Build.0 = Debug|Any CPU
		{159FB6DA-81B0-4689-B660-67C6B26E07F6}.Release|Any CPU.ActiveCfg = Release|Any CPU
		{159FB6DA-81B0-4689-B660-67C6B26E07F6}.Release|Any CPU.Build.0 = Release|Any CPU
		{29F7C7B1-2CA3-47DD-B9A6-5361A80F1024}.Debug|Any CPU.ActiveCfg = Debug|Any CPU
		{29F7C7B1-2CA3-47DD-B9A6-5361A80F1024}.Debug|Any CPU.Build.0 = Debug|Any CPU
		{29F7C7B1-2CA3-47DD-B9A6-5361A80F1024}.Release|Any CPU.ActiveCfg = Release|Any CPU
		{29F7C7B1-2CA3-47DD-B9A6-5361A80F1024}.Release|Any CPU.Build.0 = Release|Any CPU
	EndGlobalSection
EndGlobal
